
Microsoft Visual Studio Solution File, Format Version 12.00
# Visual Studio Version 17
VisualStudioVersion = 17.5.33414.496
MinimumVisualStudioVersion = 10.0.40219.1
Project("{FAE04EC0-301F-11D3-BF4B-00C04F79EFBC}") = "HongDucStore", "HongDucStore.csproj", "{A07BDB98-665A-4B01-B234-74CE43720333}"
EndProject
Global
	GlobalSection(SolutionConfigurationPlatforms) = preSolution
		Debug|Any CPU = Debug|Any CPU
		Release|Any CPU = Release|Any CPU
	EndGlobalSection
	GlobalSection(ProjectConfigurationPlatforms) = postSolution
		{A07BDB98-665A-4B01-B234-74CE43720333}.Debug|Any CPU.ActiveCfg = Debug|Any CPU
		{A07BDB98-665A-4B01-B234-74CE43720333}.Debug|Any CPU.Build.0 = Debug|Any CPU
		{A07BDB98-665A-4B01-B234-74CE43720333}.Release|Any CPU.ActiveCfg = Release|Any CPU
		{A07BDB98-665A-4B01-B234-74CE43720333}.Release|Any CPU.Build.0 = Release|Any CPU
	EndGlobalSection
	GlobalSection(SolutionProperties) = preSolution
		HideSolutionNode = FALSE
	EndGlobalSection
	GlobalSection(ExtensibilityGlobals) = postSolution
		SolutionGuid = {2D305355-9ED9-49EC-ABDA-21622415455B}
	EndGlobalSection
EndGlobal
